
Microsoft Visual Studio Solution File, Format Version 12.00
# Visual Studio Version 17
VisualStudioVersion = 17.4.33110.190
MinimumVisualStudioVersion = 10.0.40219.1
Project("{E24C65DC-7377-472B-9ABA-BC803B73C61A}") = "Comedy", ".", "{A2658EEA-B8B2-4B0A-A267-C961FFF86F46}"
	ProjectSection(WebsiteProperties) = preProject
		TargetFrameworkMoniker = ".NETFramework,Version%3Dv4.0"
		Debug.AspNetCompiler.VirtualPath = "/localhost_63845"
		Debug.AspNetCompiler.PhysicalPath = "..\Comedy\"
		Debug.AspNetCompiler.TargetPath = "PrecompiledWeb\localhost_63845\"
		Debug.AspNetCompiler.Updateable = "true"
		Debug.AspNetCompiler.ForceOverwrite = "true"
		Debug.AspNetCompiler.FixedNames = "false"
		Debug.AspNetCompiler.Debug = "True"
		Release.AspNetCompiler.VirtualPath = "/localhost_63845"
		Release.AspNetCompiler.PhysicalPath = "..\Comedy\"
		Release.AspNetCompiler.TargetPath = "PrecompiledWeb\localhost_63845\"
		Release.AspNetCompiler.Updateable = "true"
		Release.AspNetCompiler.ForceOverwrite = "true"
		Release.AspNetCompiler.FixedNames = "false"
		Release.AspNetCompiler.Debug = "False"
		VWDPort = "63845"
		SlnRelativePath = "..\Comedy\"
	EndProjectSection
EndProject
Global
	GlobalSection(SolutionConfigurationPlatforms) = preSolution
		Debug|Any CPU = Debug|Any CPU
	EndGlobalSection
	GlobalSection(ProjectConfigurationPlatforms) = postSolution
		{A2658EEA-B8B2-4B0A-A267-C961FFF86F46}.Debug|Any CPU.ActiveCfg = Debug|Any CPU
		{A2658EEA-B8B2-4B0A-A267-C961FFF86F46}.Debug|Any CPU.Build.0 = Debug|Any CPU
	EndGlobalSection
	GlobalSection(SolutionProperties) = preSolution
		HideSolutionNode = FALSE
	EndGlobalSection
	GlobalSection(ExtensibilityGlobals) = postSolution
		SolutionGuid = {F250E782-7519-4C2F-B200-13A73F239D97}
	EndGlobalSection
EndGlobal
